
Microsoft Visual Studio Solution File, Format Version 12.00
# Visual Studio Version 16
VisualStudioVersion = 16.0.29926.136
MinimumVisualStudioVersion = 10.0.40219.1
Project("{FAE04EC0-301F-11D3-BF4B-00C04F79EFBC}") = "EntityFramework", "EntityFramework\EntityFramework.csproj", "{A864D16D-75B4-437F-8E95-7C8B6CCEC021}"
EndProject
Global
	GlobalSection(SolutionConfigurationPlatforms) = preSolution
		Debug|Any CPU = Debug|Any CPU
		Release|Any CPU = Release|Any CPU
	EndGlobalSection
	GlobalSection(ProjectConfigurationPlatforms) = postSolution
		{A864D16D-75B4-437F-8E95-7C8B6CCEC021}.Debug|Any CPU.ActiveCfg = Debug|Any CPU
		{A864D16D-75B4-437F-8E95-7C8B6CCEC021}.Debug|Any CPU.Build.0 = Debug|Any CPU
		{A864D16D-75B4-437F-8E95-7C8B6CCEC021}.Release|Any CPU.ActiveCfg = Release|Any CPU
		{A864D16D-75B4-437F-8E95-7C8B6CCEC021}.Release|Any CPU.Build.0 = Release|Any CPU
	EndGlobalSection
	GlobalSection(SolutionProperties) = preSolution
		HideSolutionNode = FALSE
	EndGlobalSection
	GlobalSection(ExtensibilityGlobals) = postSolution
		SolutionGuid = {4DE42E0F-9448-47AE-B842-851E47218A09}
	EndGlobalSection
EndGlobal
